
Microsoft Visual Studio Solution File, Format Version 12.00
# Visual Studio Version 18
VisualStudioVersion = 18.0.11205.157 d18.0
MinimumVisualStudioVersion = 10.0.40219.1
Project("{FAE04EC0-301F-11D3-BF4B-00C04F79EFBC}") = "Aufgabe_1", "Aufgabe_1\Aufgabe_1.csproj", "{3C719153-8F99-462B-B5A8-14F78A09527C}"
EndProject
Project("{FAE04EC0-301F-11D3-BF4B-00C04F79EFBC}") = "Aufgabe_2", "Aufgabe_2\Aufgabe_2.csproj", "{6C2C837A-B526-4DD7-A59C-151F2FEF0992}"
EndProject
Global
	GlobalSection(SolutionConfigurationPlatforms) = preSolution
		Debug|Any CPU = Debug|Any CPU
		Release|Any CPU = Release|Any CPU
	EndGlobalSection
	GlobalSection(ProjectConfigurationPlatforms) = postSolution
		{3C719153-8F99-462B-B5A8-14F78A09527C}.Debug|Any CPU.ActiveCfg = Debug|Any CPU
		{3C719153-8F99-462B-B5A8-14F78A09527C}.Debug|Any CPU.Build.0 = Debug|Any CPU
		{3C719153-8F99-462B-B5A8-14F78A09527C}.Release|Any CPU.ActiveCfg = Release|Any CPU
		{3C719153-8F99-462B-B5A8-14F78A09527C}.Release|Any CPU.Build.0 = Release|Any CPU
		{6C2C837A-B526-4DD7-A59C-151F2FEF0992}.Debug|Any CPU.ActiveCfg = Debug|Any CPU
		{6C2C837A-B526-4DD7-A59C-151F2FEF0992}.Debug|Any CPU.Build.0 = Debug|Any CPU
		{6C2C837A-B526-4DD7-A59C-151F2FEF0992}.Release|Any CPU.ActiveCfg = Release|Any CPU
		{6C2C837A-B526-4DD7-A59C-151F2FEF0992}.Release|Any CPU.Build.0 = Release|Any CPU
	EndGlobalSection
	GlobalSection(SolutionProperties) = preSolution
		HideSolutionNode = FALSE
	EndGlobalSection
	GlobalSection(ExtensibilityGlobals) = postSolution
		SolutionGuid = {9252FDEE-149C-4538-B469-ABD132842D77}
	EndGlobalSection
EndGlobal
