
Microsoft Visual Studio Solution File, Format Version 12.00
# Visual Studio Version 17
VisualStudioVersion = 17.12.35707.178
MinimumVisualStudioVersion = 10.0.40219.1
Project("{FAE04EC0-301F-11D3-BF4B-00C04F79EFBC}") = "L01BubbleSort", "L01BubbleSort\L01BubbleSort.csproj", "{8721E59E-858B-4DF0-ACE4-DB1CADE6759E}"
EndProject
Project("{FAE04EC0-301F-11D3-BF4B-00C04F79EFBC}") = "L02.3GuardClause", "L02.3GuardClause\L02.3GuardClause.csproj", "{82BB5F40-1E18-4144-B7F7-84AC7D1FE904}"
EndProject
Project("{FAE04EC0-301F-11D3-BF4B-00C04F79EFBC}") = "L03.2CallByReference_CallByValue_TryParse", "L03.2CallByReference_CallByValue_TryParse\L03.2CallByReference_CallByValue_TryParse.csproj", "{DFA7823D-E523-414A-9665-0ED7D4DBA8BF}"
EndProject
Global
	GlobalSection(SolutionConfigurationPlatforms) = preSolution
		Debug|Any CPU = Debug|Any CPU
		Release|Any CPU = Release|Any CPU
	EndGlobalSection
	GlobalSection(ProjectConfigurationPlatforms) = postSolution
		{8721E59E-858B-4DF0-ACE4-DB1CADE6759E}.Debug|Any CPU.ActiveCfg = Debug|Any CPU
		{8721E59E-858B-4DF0-ACE4-DB1CADE6759E}.Debug|Any CPU.Build.0 = Debug|Any CPU
		{8721E59E-858B-4DF0-ACE4-DB1CADE6759E}.Release|Any CPU.ActiveCfg = Release|Any CPU
		{8721E59E-858B-4DF0-ACE4-DB1CADE6759E}.Release|Any CPU.Build.0 = Release|Any CPU
		{82BB5F40-1E18-4144-B7F7-84AC7D1FE904}.Debug|Any CPU.ActiveCfg = Debug|Any CPU
		{82BB5F40-1E18-4144-B7F7-84AC7D1FE904}.Debug|Any CPU.Build.0 = Debug|Any CPU
		{82BB5F40-1E18-4144-B7F7-84AC7D1FE904}.Release|Any CPU.ActiveCfg = Release|Any CPU
		{82BB5F40-1E18-4144-B7F7-84AC7D1FE904}.Release|Any CPU.Build.0 = Release|Any CPU
		{DFA7823D-E523-414A-9665-0ED7D4DBA8BF}.Debug|Any CPU.ActiveCfg = Debug|Any CPU
		{DFA7823D-E523-414A-9665-0ED7D4DBA8BF}.Debug|Any CPU.Build.0 = Debug|Any CPU
		{DFA7823D-E523-414A-9665-0ED7D4DBA8BF}.Release|Any CPU.ActiveCfg = Release|Any CPU
		{DFA7823D-E523-414A-9665-0ED7D4DBA8BF}.Release|Any CPU.Build.0 = Release|Any CPU
	EndGlobalSection
	GlobalSection(SolutionProperties) = preSolution
		HideSolutionNode = FALSE
	EndGlobalSection
	GlobalSection(ExtensibilityGlobals) = postSolution
		SolutionGuid = {8D3C84C4-A6E7-40CD-BC16-91A8C9423036}
	EndGlobalSection
EndGlobal
