
Microsoft Visual Studio Solution File, Format Version 12.00
# Visual Studio Version 17
VisualStudioVersion = 17.12.35707.178
MinimumVisualStudioVersion = 10.0.40219.1
Project("{FAE04EC0-301F-11D3-BF4B-00C04F79EFBC}") = "exercise1-properties", "exercise1-properties\exercise1-properties.csproj", "{15292B9D-6110-4D56-9A9D-5667208013F6}"
EndProject
Project("{FAE04EC0-301F-11D3-BF4B-00C04F79EFBC}") = "Skriptum", "Skriptum\Skriptum.csproj", "{413EC828-CC59-43D7-AAE5-D98DB48B49DC}"
EndProject
Project("{FAE04EC0-301F-11D3-BF4B-00C04F79EFBC}") = "exercise2-exceptions", "exercise2-exceptions\exercise2-exceptions.csproj", "{916428FD-4DF2-42F6-B3B4-1AFE0634CEE9}"
EndProject
Global
	GlobalSection(SolutionConfigurationPlatforms) = preSolution
		Debug|Any CPU = Debug|Any CPU
		Release|Any CPU = Release|Any CPU
	EndGlobalSection
	GlobalSection(ProjectConfigurationPlatforms) = postSolution
		{15292B9D-6110-4D56-9A9D-5667208013F6}.Debug|Any CPU.ActiveCfg = Debug|Any CPU
		{15292B9D-6110-4D56-9A9D-5667208013F6}.Debug|Any CPU.Build.0 = Debug|Any CPU
		{15292B9D-6110-4D56-9A9D-5667208013F6}.Release|Any CPU.ActiveCfg = Release|Any CPU
		{15292B9D-6110-4D56-9A9D-5667208013F6}.Release|Any CPU.Build.0 = Release|Any CPU
		{413EC828-CC59-43D7-AAE5-D98DB48B49DC}.Debug|Any CPU.ActiveCfg = Debug|Any CPU
		{413EC828-CC59-43D7-AAE5-D98DB48B49DC}.Debug|Any CPU.Build.0 = Debug|Any CPU
		{413EC828-CC59-43D7-AAE5-D98DB48B49DC}.Release|Any CPU.ActiveCfg = Release|Any CPU
		{413EC828-CC59-43D7-AAE5-D98DB48B49DC}.Release|Any CPU.Build.0 = Release|Any CPU
		{916428FD-4DF2-42F6-B3B4-1AFE0634CEE9}.Debug|Any CPU.ActiveCfg = Debug|Any CPU
		{916428FD-4DF2-42F6-B3B4-1AFE0634CEE9}.Debug|Any CPU.Build.0 = Debug|Any CPU
		{916428FD-4DF2-42F6-B3B4-1AFE0634CEE9}.Release|Any CPU.ActiveCfg = Release|Any CPU
		{916428FD-4DF2-42F6-B3B4-1AFE0634CEE9}.Release|Any CPU.Build.0 = Release|Any CPU
	EndGlobalSection
	GlobalSection(SolutionProperties) = preSolution
		HideSolutionNode = FALSE
	EndGlobalSection
EndGlobal
