
Microsoft Visual Studio Solution File, Format Version 12.00
# Visual Studio Version 17
VisualStudioVersion = 17.11.35312.102
MinimumVisualStudioVersion = 10.0.40219.1
Project("{FAE04EC0-301F-11D3-BF4B-00C04F79EFBC}") = "L02BasicProgrammingConcepts", "L02BasicProgrammingConcepts\L02BasicProgrammingConcepts.csproj", "{3907FEDD-D2E8-4443-9347-4F10EEECF49F}"
EndProject
Global
	GlobalSection(SolutionConfigurationPlatforms) = preSolution
		Debug|Any CPU = Debug|Any CPU
		Release|Any CPU = Release|Any CPU
	EndGlobalSection
	GlobalSection(ProjectConfigurationPlatforms) = postSolution
		{3907FEDD-D2E8-4443-9347-4F10EEECF49F}.Debug|Any CPU.ActiveCfg = Debug|Any CPU
		{3907FEDD-D2E8-4443-9347-4F10EEECF49F}.Debug|Any CPU.Build.0 = Debug|Any CPU
		{3907FEDD-D2E8-4443-9347-4F10EEECF49F}.Release|Any CPU.ActiveCfg = Release|Any CPU
		{3907FEDD-D2E8-4443-9347-4F10EEECF49F}.Release|Any CPU.Build.0 = Release|Any CPU
	EndGlobalSection
	GlobalSection(SolutionProperties) = preSolution
		HideSolutionNode = FALSE
	EndGlobalSection
	GlobalSection(ExtensibilityGlobals) = postSolution
		SolutionGuid = {4D7D49CA-B281-40E4-9FCA-7E67DC892EAF}
	EndGlobalSection
EndGlobal
