
Microsoft Visual Studio Solution File, Format Version 12.00
# Visual Studio Version 17
VisualStudioVersion = 17.11.35312.102
MinimumVisualStudioVersion = 10.0.40219.1
Project("{FAE04EC0-301F-11D3-BF4B-00C04F79EFBC}") = "solution", "solution\solution.csproj", "{AD5604FD-DE9B-411F-9D5C-DC69E9686F95}"
EndProject
Global
	GlobalSection(SolutionConfigurationPlatforms) = preSolution
		Debug|Any CPU = Debug|Any CPU
		Release|Any CPU = Release|Any CPU
	EndGlobalSection
	GlobalSection(ProjectConfigurationPlatforms) = postSolution
		{AD5604FD-DE9B-411F-9D5C-DC69E9686F95}.Debug|Any CPU.ActiveCfg = Debug|Any CPU
		{AD5604FD-DE9B-411F-9D5C-DC69E9686F95}.Debug|Any CPU.Build.0 = Debug|Any CPU
		{AD5604FD-DE9B-411F-9D5C-DC69E9686F95}.Release|Any CPU.ActiveCfg = Release|Any CPU
		{AD5604FD-DE9B-411F-9D5C-DC69E9686F95}.Release|Any CPU.Build.0 = Release|Any CPU
	EndGlobalSection
	GlobalSection(SolutionProperties) = preSolution
		HideSolutionNode = FALSE
	EndGlobalSection
	GlobalSection(ExtensibilityGlobals) = postSolution
		SolutionGuid = {83FFF263-15D7-4FF1-92DF-AD304511C738}
	EndGlobalSection
EndGlobal
