
Microsoft Visual Studio Solution File, Format Version 12.00
# Visual Studio Version 17
VisualStudioVersion = 17.11.35303.130
MinimumVisualStudioVersion = 10.0.40219.1
Project("{FAE04EC0-301F-11D3-BF4B-00C04F79EFBC}") = "L08FactoryAndPrototype", "L08Factory\L08FactoryAndPrototype.csproj", "{9C3C890C-A17E-4C9A-A207-E22F0AD2754F}"
EndProject
Global
	GlobalSection(SolutionConfigurationPlatforms) = preSolution
		Debug|Any CPU = Debug|Any CPU
		Release|Any CPU = Release|Any CPU
	EndGlobalSection
	GlobalSection(ProjectConfigurationPlatforms) = postSolution
		{9C3C890C-A17E-4C9A-A207-E22F0AD2754F}.Debug|Any CPU.ActiveCfg = Debug|Any CPU
		{9C3C890C-A17E-4C9A-A207-E22F0AD2754F}.Debug|Any CPU.Build.0 = Debug|Any CPU
		{9C3C890C-A17E-4C9A-A207-E22F0AD2754F}.Release|Any CPU.ActiveCfg = Release|Any CPU
		{9C3C890C-A17E-4C9A-A207-E22F0AD2754F}.Release|Any CPU.Build.0 = Release|Any CPU
	EndGlobalSection
	GlobalSection(SolutionProperties) = preSolution
		HideSolutionNode = FALSE
	EndGlobalSection
	GlobalSection(ExtensibilityGlobals) = postSolution
		SolutionGuid = {C1E5CF19-22E3-42D7-8B70-E5059A3F7978}
	EndGlobalSection
EndGlobal
