
Microsoft Visual Studio Solution File, Format Version 12.00
# Visual Studio Version 17
VisualStudioVersion = 17.11.35327.3
MinimumVisualStudioVersion = 10.0.40219.1
Project("{FAE04EC0-301F-11D3-BF4B-00C04F79EFBC}") = "L03Collections", "L03Collections\L03Collections.csproj", "{E82DAAA0-DAF7-4202-9132-7AD11D2DAE7C}"
EndProject
Global
	GlobalSection(SolutionConfigurationPlatforms) = preSolution
		Debug|Any CPU = Debug|Any CPU
		Release|Any CPU = Release|Any CPU
	EndGlobalSection
	GlobalSection(ProjectConfigurationPlatforms) = postSolution
		{E82DAAA0-DAF7-4202-9132-7AD11D2DAE7C}.Debug|Any CPU.ActiveCfg = Debug|Any CPU
		{E82DAAA0-DAF7-4202-9132-7AD11D2DAE7C}.Debug|Any CPU.Build.0 = Debug|Any CPU
		{E82DAAA0-DAF7-4202-9132-7AD11D2DAE7C}.Release|Any CPU.ActiveCfg = Release|Any CPU
		{E82DAAA0-DAF7-4202-9132-7AD11D2DAE7C}.Release|Any CPU.Build.0 = Release|Any CPU
	EndGlobalSection
	GlobalSection(SolutionProperties) = preSolution
		HideSolutionNode = FALSE
	EndGlobalSection
	GlobalSection(ExtensibilityGlobals) = postSolution
		SolutionGuid = {DDAD4EF0-AD22-4A58-B2F9-95BC0E022A5A}
	EndGlobalSection
EndGlobal
