
Microsoft Visual Studio Solution File, Format Version 12.00
# Visual Studio Version 17
VisualStudioVersion = 17.12.35707.178
MinimumVisualStudioVersion = 10.0.40219.1
Project("{FAE04EC0-301F-11D3-BF4B-00C04F79EFBC}") = "Exercise4-object_initializer", "Exercise4-object_initializer\Exercise4-object_initializer.csproj", "{15292B9D-6110-4D56-9A9D-5667208013F6}"
EndProject
Project("{FAE04EC0-301F-11D3-BF4B-00C04F79EFBC}") = "Skriptum", "Skriptum\Skriptum.csproj", "{413EC828-CC59-43D7-AAE5-D98DB48B49DC}"
EndProject
Project("{FAE04EC0-301F-11D3-BF4B-00C04F79EFBC}") = "Exercise1-named_arguments", "Exercise1-named_arguments\Exercise1-named_arguments.csproj", "{58CC08FF-7373-4D60-ADBC-D728A81771FB}"
EndProject
Project("{FAE04EC0-301F-11D3-BF4B-00C04F79EFBC}") = "Exercise5-collection-initializer", "Exercise5-collection-initializer\Exercise5-collection-initializer.csproj", "{70EA51F7-F089-45A1-9E04-71B012F39567}"
EndProject
Project("{FAE04EC0-301F-11D3-BF4B-00C04F79EFBC}") = "Exercise2-properties", "Exercise2-properties\Exercise2-properties.csproj", "{4794EA4A-FBA4-49DA-A57A-D779729BF77C}"
EndProject
Project("{FAE04EC0-301F-11D3-BF4B-00C04F79EFBC}") = "Exercise3-guards_bei_set", "Exercise3-guards_bei_set\Exercise3-guards_bei_set.csproj", "{FFAF01AC-EBBF-4130-B362-C2053B5AF059}"
EndProject
Global
	GlobalSection(SolutionConfigurationPlatforms) = preSolution
		Debug|Any CPU = Debug|Any CPU
		Release|Any CPU = Release|Any CPU
	EndGlobalSection
	GlobalSection(ProjectConfigurationPlatforms) = postSolution
		{15292B9D-6110-4D56-9A9D-5667208013F6}.Debug|Any CPU.ActiveCfg = Debug|Any CPU
		{15292B9D-6110-4D56-9A9D-5667208013F6}.Debug|Any CPU.Build.0 = Debug|Any CPU
		{15292B9D-6110-4D56-9A9D-5667208013F6}.Release|Any CPU.ActiveCfg = Release|Any CPU
		{15292B9D-6110-4D56-9A9D-5667208013F6}.Release|Any CPU.Build.0 = Release|Any CPU
		{413EC828-CC59-43D7-AAE5-D98DB48B49DC}.Debug|Any CPU.ActiveCfg = Debug|Any CPU
		{413EC828-CC59-43D7-AAE5-D98DB48B49DC}.Debug|Any CPU.Build.0 = Debug|Any CPU
		{413EC828-CC59-43D7-AAE5-D98DB48B49DC}.Release|Any CPU.ActiveCfg = Release|Any CPU
		{413EC828-CC59-43D7-AAE5-D98DB48B49DC}.Release|Any CPU.Build.0 = Release|Any CPU
		{58CC08FF-7373-4D60-ADBC-D728A81771FB}.Debug|Any CPU.ActiveCfg = Debug|Any CPU
		{58CC08FF-7373-4D60-ADBC-D728A81771FB}.Debug|Any CPU.Build.0 = Debug|Any CPU
		{58CC08FF-7373-4D60-ADBC-D728A81771FB}.Release|Any CPU.ActiveCfg = Release|Any CPU
		{58CC08FF-7373-4D60-ADBC-D728A81771FB}.Release|Any CPU.Build.0 = Release|Any CPU
		{70EA51F7-F089-45A1-9E04-71B012F39567}.Debug|Any CPU.ActiveCfg = Debug|Any CPU
		{70EA51F7-F089-45A1-9E04-71B012F39567}.Debug|Any CPU.Build.0 = Debug|Any CPU
		{70EA51F7-F089-45A1-9E04-71B012F39567}.Release|Any CPU.ActiveCfg = Release|Any CPU
		{70EA51F7-F089-45A1-9E04-71B012F39567}.Release|Any CPU.Build.0 = Release|Any CPU
		{4794EA4A-FBA4-49DA-A57A-D779729BF77C}.Debug|Any CPU.ActiveCfg = Debug|Any CPU
		{4794EA4A-FBA4-49DA-A57A-D779729BF77C}.Debug|Any CPU.Build.0 = Debug|Any CPU
		{4794EA4A-FBA4-49DA-A57A-D779729BF77C}.Release|Any CPU.ActiveCfg = Release|Any CPU
		{4794EA4A-FBA4-49DA-A57A-D779729BF77C}.Release|Any CPU.Build.0 = Release|Any CPU
		{FFAF01AC-EBBF-4130-B362-C2053B5AF059}.Debug|Any CPU.ActiveCfg = Debug|Any CPU
		{FFAF01AC-EBBF-4130-B362-C2053B5AF059}.Debug|Any CPU.Build.0 = Debug|Any CPU
		{FFAF01AC-EBBF-4130-B362-C2053B5AF059}.Release|Any CPU.ActiveCfg = Release|Any CPU
		{FFAF01AC-EBBF-4130-B362-C2053B5AF059}.Release|Any CPU.Build.0 = Release|Any CPU
	EndGlobalSection
	GlobalSection(SolutionProperties) = preSolution
		HideSolutionNode = FALSE
	EndGlobalSection
EndGlobal
