<Solution>
  <Project Path="exercise1_new_model_bad_view/exercise1_new_model_bad_view.csproj" />
  <Project Path="exercise2_cs_val_partial_views/exercise2_cs_val_partial_views.csproj" />
  <Project Path="exercise3_middleware_exceptions_logging/exercise3_middleware_exceptions_logging.csproj" />
</Solution>
