
Microsoft Visual Studio Solution File, Format Version 12.00
# Visual Studio Version 17
VisualStudioVersion = 17.11.35431.28
MinimumVisualStudioVersion = 10.0.40219.1
Project("{FAE04EC0-301F-11D3-BF4B-00C04F79EFBC}") = "Skripten", "Skripten\Skripten.csproj", "{BB765DC2-E0AB-4324-B56B-2C0362726D04}"
EndProject
Project("{FAE04EC0-301F-11D3-BF4B-00C04F79EFBC}") = "Exercise2", "Exercise2\Exercise2.csproj", "{8D9A2F60-2108-407F-8AB6-8247A1820085}"
EndProject
Project("{FAE04EC0-301F-11D3-BF4B-00C04F79EFBC}") = "Exercise1", "Exercise1\Exercise1.csproj", "{3338CB8E-86F2-4532-AE87-D2E888E56457}"
EndProject
Global
	GlobalSection(SolutionConfigurationPlatforms) = preSolution
		Debug|Any CPU = Debug|Any CPU
		Release|Any CPU = Release|Any CPU
	EndGlobalSection
	GlobalSection(ProjectConfigurationPlatforms) = postSolution
		{BB765DC2-E0AB-4324-B56B-2C0362726D04}.Debug|Any CPU.ActiveCfg = Debug|Any CPU
		{BB765DC2-E0AB-4324-B56B-2C0362726D04}.Debug|Any CPU.Build.0 = Debug|Any CPU
		{BB765DC2-E0AB-4324-B56B-2C0362726D04}.Release|Any CPU.ActiveCfg = Release|Any CPU
		{BB765DC2-E0AB-4324-B56B-2C0362726D04}.Release|Any CPU.Build.0 = Release|Any CPU
		{8D9A2F60-2108-407F-8AB6-8247A1820085}.Debug|Any CPU.ActiveCfg = Debug|Any CPU
		{8D9A2F60-2108-407F-8AB6-8247A1820085}.Debug|Any CPU.Build.0 = Debug|Any CPU
		{8D9A2F60-2108-407F-8AB6-8247A1820085}.Release|Any CPU.ActiveCfg = Release|Any CPU
		{8D9A2F60-2108-407F-8AB6-8247A1820085}.Release|Any CPU.Build.0 = Release|Any CPU
		{3338CB8E-86F2-4532-AE87-D2E888E56457}.Debug|Any CPU.ActiveCfg = Debug|Any CPU
		{3338CB8E-86F2-4532-AE87-D2E888E56457}.Debug|Any CPU.Build.0 = Debug|Any CPU
		{3338CB8E-86F2-4532-AE87-D2E888E56457}.Release|Any CPU.ActiveCfg = Release|Any CPU
		{3338CB8E-86F2-4532-AE87-D2E888E56457}.Release|Any CPU.Build.0 = Release|Any CPU
	EndGlobalSection
	GlobalSection(SolutionProperties) = preSolution
		HideSolutionNode = FALSE
	EndGlobalSection
	GlobalSection(ExtensibilityGlobals) = postSolution
		SolutionGuid = {3F210CE5-B50A-4DF2-A328-1E8D2C70D638}
	EndGlobalSection
EndGlobal
