
Microsoft Visual Studio Solution File, Format Version 12.00
# Visual Studio Version 17
VisualStudioVersion = 17.9.34616.47
MinimumVisualStudioVersion = 10.0.40219.1
Project("{FAE04EC0-301F-11D3-BF4B-00C04F79EFBC}") = "OopKonzepte", "OopKonzepte\OopKonzepte.csproj", "{1BA905F6-449D-4D2E-9D21-895EDB338393}"
EndProject
Global
	GlobalSection(SolutionConfigurationPlatforms) = preSolution
		Debug|Any CPU = Debug|Any CPU
		Release|Any CPU = Release|Any CPU
	EndGlobalSection
	GlobalSection(ProjectConfigurationPlatforms) = postSolution
		{1BA905F6-449D-4D2E-9D21-895EDB338393}.Debug|Any CPU.ActiveCfg = Debug|Any CPU
		{1BA905F6-449D-4D2E-9D21-895EDB338393}.Debug|Any CPU.Build.0 = Debug|Any CPU
		{1BA905F6-449D-4D2E-9D21-895EDB338393}.Release|Any CPU.ActiveCfg = Release|Any CPU
		{1BA905F6-449D-4D2E-9D21-895EDB338393}.Release|Any CPU.Build.0 = Release|Any CPU
	EndGlobalSection
	GlobalSection(SolutionProperties) = preSolution
		HideSolutionNode = FALSE
	EndGlobalSection
	GlobalSection(ExtensibilityGlobals) = postSolution
		SolutionGuid = {8610E68E-D5F7-4E3C-BF6F-D8C83B42566B}
	EndGlobalSection
EndGlobal
