
Microsoft Visual Studio Solution File, Format Version 12.00
# Visual Studio Version 17
VisualStudioVersion = 17.11.35312.102
MinimumVisualStudioVersion = 10.0.40219.1
Project("{9A19103F-16F7-4668-BE54-9A1E7A4F7556}") = "Exercise3-PrimitiveTypenUmwandeln", "Exercise3-PrimitiveTypenUmwandeln\Exercise3-PrimitiveTypenUmwandeln.csproj", "{38FB546F-168D-4671-BE71-6E5979EC195C}"
EndProject
Project("{9A19103F-16F7-4668-BE54-9A1E7A4F7556}") = "Skripten", "Skripten\Skripten.csproj", "{3907FEDD-D2E8-4443-9347-4F10EEECF49F}"
EndProject
Project("{FAE04EC0-301F-11D3-BF4B-00C04F79EFBC}") = "Exercise1-LogischeFormelnFuerEinSchachbrett", "Exercise1-MusterUndDessenLogischeFormeln\Exercise1-LogischeFormelnFuerEinSchachbrett.csproj", "{A6113214-A1AF-4504-A2B3-B0010EC217E7}"
EndProject
Project("{FAE04EC0-301F-11D3-BF4B-00C04F79EFBC}") = "Exercise2-Auswertungsreihenfolge", "Exercise2-Auswertungsreihenfolge\Exercise2-Auswertungsreihenfolge.csproj", "{A059A15C-4746-439E-9946-E3FBF4169EA2}"
EndProject
Global
	GlobalSection(SolutionConfigurationPlatforms) = preSolution
		Debug|Any CPU = Debug|Any CPU
		Release|Any CPU = Release|Any CPU
	EndGlobalSection
	GlobalSection(ProjectConfigurationPlatforms) = postSolution
		{38FB546F-168D-4671-BE71-6E5979EC195C}.Debug|Any CPU.ActiveCfg = Debug|Any CPU
		{38FB546F-168D-4671-BE71-6E5979EC195C}.Debug|Any CPU.Build.0 = Debug|Any CPU
		{38FB546F-168D-4671-BE71-6E5979EC195C}.Release|Any CPU.ActiveCfg = Release|Any CPU
		{38FB546F-168D-4671-BE71-6E5979EC195C}.Release|Any CPU.Build.0 = Release|Any CPU
		{3907FEDD-D2E8-4443-9347-4F10EEECF49F}.Debug|Any CPU.ActiveCfg = Debug|Any CPU
		{3907FEDD-D2E8-4443-9347-4F10EEECF49F}.Debug|Any CPU.Build.0 = Debug|Any CPU
		{3907FEDD-D2E8-4443-9347-4F10EEECF49F}.Release|Any CPU.ActiveCfg = Release|Any CPU
		{3907FEDD-D2E8-4443-9347-4F10EEECF49F}.Release|Any CPU.Build.0 = Release|Any CPU
		{A6113214-A1AF-4504-A2B3-B0010EC217E7}.Debug|Any CPU.ActiveCfg = Debug|Any CPU
		{A6113214-A1AF-4504-A2B3-B0010EC217E7}.Debug|Any CPU.Build.0 = Debug|Any CPU
		{A6113214-A1AF-4504-A2B3-B0010EC217E7}.Release|Any CPU.ActiveCfg = Release|Any CPU
		{A6113214-A1AF-4504-A2B3-B0010EC217E7}.Release|Any CPU.Build.0 = Release|Any CPU
		{A059A15C-4746-439E-9946-E3FBF4169EA2}.Debug|Any CPU.ActiveCfg = Debug|Any CPU
		{A059A15C-4746-439E-9946-E3FBF4169EA2}.Debug|Any CPU.Build.0 = Debug|Any CPU
		{A059A15C-4746-439E-9946-E3FBF4169EA2}.Release|Any CPU.ActiveCfg = Release|Any CPU
		{A059A15C-4746-439E-9946-E3FBF4169EA2}.Release|Any CPU.Build.0 = Release|Any CPU
	EndGlobalSection
	GlobalSection(SolutionProperties) = preSolution
		HideSolutionNode = FALSE
	EndGlobalSection
	GlobalSection(ExtensibilityGlobals) = postSolution
		SolutionGuid = {4D7D49CA-B281-40E4-9FCA-7E67DC892EAF}
	EndGlobalSection
EndGlobal
