
Microsoft Visual Studio Solution File, Format Version 12.00
# Visual Studio Version 17
VisualStudioVersion = 17.12.35707.178
MinimumVisualStudioVersion = 10.0.40219.1
Project("{FAE04EC0-301F-11D3-BF4B-00C04F79EFBC}") = "L00.1Properties", "L00.1Properties\L00.1Properties.csproj", "{83AF77FA-08DB-4EAB-BDAF-77ACA9C41480}"
EndProject
Project("{FAE04EC0-301F-11D3-BF4B-00C04F79EFBC}") = "L00.2PropertiesUndSetGuards", "L00.2PropertiesUndSetGuards\L00.2PropertiesUndSetGuards.csproj", "{778BECF9-83DB-4ACB-9F98-564952553F8D}"
EndProject
Project("{FAE04EC0-301F-11D3-BF4B-00C04F79EFBC}") = "L01.1NullCoalescing", "L01.1NullCoalescing\L01.1NullCoalescing.csproj", "{6099F3A6-37EB-44B1-816B-E5A8EB5CC217}"
EndProject
Project("{FAE04EC0-301F-11D3-BF4B-00C04F79EFBC}") = "L01.3Flyweight", "L01.3Flyweight\L01.3Flyweight.csproj", "{53A578B2-790D-4577-916B-DA10C806CD8A}"
EndProject
Project("{FAE04EC0-301F-11D3-BF4B-00C04F79EFBC}") = "L02.0Hamster", "L02.0Hamster\L02.0Hamster.csproj", "{4F07EE28-E3B7-41A6-95AD-B7A384CBB3B8}"
EndProject
Project("{FAE04EC0-301F-11D3-BF4B-00C04F79EFBC}") = "L03.1Polymorphism - Erste Schritte", "L03.1Polymorphism - Erste Schritte\L03.1Polymorphism - Erste Schritte.csproj", "{F81E0B45-224F-4C15-9076-2490E9E589FB}"
EndProject
Project("{FAE04EC0-301F-11D3-BF4B-00C04F79EFBC}") = "L03.2Polymorphism - Interfaces - Hamster", "L03.2Polymorphism - Interfaces - Hamster\L03.2Polymorphism - Interfaces - Hamster.csproj", "{9EF6EDB1-19B5-4EDC-8898-034727AD7DA6}"
EndProject
Project("{FAE04EC0-301F-11D3-BF4B-00C04F79EFBC}") = "L03.3Polymorphism - AbstractClasses - Hamster", "L03.3Polymorphism - AbstractClasses - Hamster\L03.3Polymorphism - AbstractClasses - Hamster.csproj", "{EB50207D-F8B7-4F29-B2BD-87A8AF9C6EA0}"
EndProject
Global
	GlobalSection(SolutionConfigurationPlatforms) = preSolution
		Debug|Any CPU = Debug|Any CPU
		Release|Any CPU = Release|Any CPU
	EndGlobalSection
	GlobalSection(ProjectConfigurationPlatforms) = postSolution
		{83AF77FA-08DB-4EAB-BDAF-77ACA9C41480}.Debug|Any CPU.ActiveCfg = Debug|Any CPU
		{83AF77FA-08DB-4EAB-BDAF-77ACA9C41480}.Debug|Any CPU.Build.0 = Debug|Any CPU
		{83AF77FA-08DB-4EAB-BDAF-77ACA9C41480}.Release|Any CPU.ActiveCfg = Release|Any CPU
		{83AF77FA-08DB-4EAB-BDAF-77ACA9C41480}.Release|Any CPU.Build.0 = Release|Any CPU
		{778BECF9-83DB-4ACB-9F98-564952553F8D}.Debug|Any CPU.ActiveCfg = Debug|Any CPU
		{778BECF9-83DB-4ACB-9F98-564952553F8D}.Debug|Any CPU.Build.0 = Debug|Any CPU
		{778BECF9-83DB-4ACB-9F98-564952553F8D}.Release|Any CPU.ActiveCfg = Release|Any CPU
		{778BECF9-83DB-4ACB-9F98-564952553F8D}.Release|Any CPU.Build.0 = Release|Any CPU
		{6099F3A6-37EB-44B1-816B-E5A8EB5CC217}.Debug|Any CPU.ActiveCfg = Debug|Any CPU
		{6099F3A6-37EB-44B1-816B-E5A8EB5CC217}.Debug|Any CPU.Build.0 = Debug|Any CPU
		{6099F3A6-37EB-44B1-816B-E5A8EB5CC217}.Release|Any CPU.ActiveCfg = Release|Any CPU
		{6099F3A6-37EB-44B1-816B-E5A8EB5CC217}.Release|Any CPU.Build.0 = Release|Any CPU
		{53A578B2-790D-4577-916B-DA10C806CD8A}.Debug|Any CPU.ActiveCfg = Debug|Any CPU
		{53A578B2-790D-4577-916B-DA10C806CD8A}.Debug|Any CPU.Build.0 = Debug|Any CPU
		{53A578B2-790D-4577-916B-DA10C806CD8A}.Release|Any CPU.ActiveCfg = Release|Any CPU
		{53A578B2-790D-4577-916B-DA10C806CD8A}.Release|Any CPU.Build.0 = Release|Any CPU
		{4F07EE28-E3B7-41A6-95AD-B7A384CBB3B8}.Debug|Any CPU.ActiveCfg = Debug|Any CPU
		{4F07EE28-E3B7-41A6-95AD-B7A384CBB3B8}.Debug|Any CPU.Build.0 = Debug|Any CPU
		{4F07EE28-E3B7-41A6-95AD-B7A384CBB3B8}.Release|Any CPU.ActiveCfg = Release|Any CPU
		{4F07EE28-E3B7-41A6-95AD-B7A384CBB3B8}.Release|Any CPU.Build.0 = Release|Any CPU
		{F81E0B45-224F-4C15-9076-2490E9E589FB}.Debug|Any CPU.ActiveCfg = Debug|Any CPU
		{F81E0B45-224F-4C15-9076-2490E9E589FB}.Debug|Any CPU.Build.0 = Debug|Any CPU
		{F81E0B45-224F-4C15-9076-2490E9E589FB}.Release|Any CPU.ActiveCfg = Release|Any CPU
		{F81E0B45-224F-4C15-9076-2490E9E589FB}.Release|Any CPU.Build.0 = Release|Any CPU
		{9EF6EDB1-19B5-4EDC-8898-034727AD7DA6}.Debug|Any CPU.ActiveCfg = Debug|Any CPU
		{9EF6EDB1-19B5-4EDC-8898-034727AD7DA6}.Debug|Any CPU.Build.0 = Debug|Any CPU
		{9EF6EDB1-19B5-4EDC-8898-034727AD7DA6}.Release|Any CPU.ActiveCfg = Release|Any CPU
		{9EF6EDB1-19B5-4EDC-8898-034727AD7DA6}.Release|Any CPU.Build.0 = Release|Any CPU
		{EB50207D-F8B7-4F29-B2BD-87A8AF9C6EA0}.Debug|Any CPU.ActiveCfg = Debug|Any CPU
		{EB50207D-F8B7-4F29-B2BD-87A8AF9C6EA0}.Debug|Any CPU.Build.0 = Debug|Any CPU
		{EB50207D-F8B7-4F29-B2BD-87A8AF9C6EA0}.Release|Any CPU.ActiveCfg = Release|Any CPU
		{EB50207D-F8B7-4F29-B2BD-87A8AF9C6EA0}.Release|Any CPU.Build.0 = Release|Any CPU
	EndGlobalSection
	GlobalSection(SolutionProperties) = preSolution
		HideSolutionNode = FALSE
	EndGlobalSection
EndGlobal
