
Microsoft Visual Studio Solution File, Format Version 12.00
# Visual Studio Version 17
VisualStudioVersion = 17.11.35431.28
MinimumVisualStudioVersion = 10.0.40219.1
Project("{FAE04EC0-301F-11D3-BF4B-00C04F79EFBC}") = "Mehrfachvererbung", "L04VererbungErsetzbarkeit\Mehrfachvererbung.csproj", "{CA502302-7FBA-4D95-92AB-5BFCB0F9387F}"
EndProject
Project("{FAE04EC0-301F-11D3-BF4B-00C04F79EFBC}") = "Ersetzbarkeit", "Ersetzbarkeit\Ersetzbarkeit.csproj", "{8B4355B9-9CE2-4DFC-B547-77570290E8C2}"
EndProject
Project("{FAE04EC0-301F-11D3-BF4B-00C04F79EFBC}") = "SingleVs.MultipleDispatch", "SingleVs.MultipleDispatch\SingleVs.MultipleDispatch.csproj", "{0837CA5E-DAD0-4A7C-9A80-5A0ABA80C077}"
EndProject
Project("{FAE04EC0-301F-11D3-BF4B-00C04F79EFBC}") = "Vererbung", "Vererbung\Vererbung.csproj", "{E7F6A927-F17E-46F3-831C-03E8F0BC6E88}"
EndProject
Project("{FAE04EC0-301F-11D3-BF4B-00C04F79EFBC}") = "Polymorphie", "Polymorphie\Polymorphie.csproj", "{C99429E3-48A3-4AB0-A28D-22782A066453}"
EndProject
Project("{FAE04EC0-301F-11D3-BF4B-00C04F79EFBC}") = "ReferenzUndWertdatentyp", "ReferenzUndWertdatentyp\ReferenzUndWertdatentyp.csproj", "{A8B3B580-20C1-48B5-BDCC-884E3D59AC80}"
EndProject
Global
	GlobalSection(SolutionConfigurationPlatforms) = preSolution
		Debug|Any CPU = Debug|Any CPU
		Release|Any CPU = Release|Any CPU
	EndGlobalSection
	GlobalSection(ProjectConfigurationPlatforms) = postSolution
		{CA502302-7FBA-4D95-92AB-5BFCB0F9387F}.Debug|Any CPU.ActiveCfg = Debug|Any CPU
		{CA502302-7FBA-4D95-92AB-5BFCB0F9387F}.Debug|Any CPU.Build.0 = Debug|Any CPU
		{CA502302-7FBA-4D95-92AB-5BFCB0F9387F}.Release|Any CPU.ActiveCfg = Release|Any CPU
		{CA502302-7FBA-4D95-92AB-5BFCB0F9387F}.Release|Any CPU.Build.0 = Release|Any CPU
		{8B4355B9-9CE2-4DFC-B547-77570290E8C2}.Debug|Any CPU.ActiveCfg = Debug|Any CPU
		{8B4355B9-9CE2-4DFC-B547-77570290E8C2}.Debug|Any CPU.Build.0 = Debug|Any CPU
		{8B4355B9-9CE2-4DFC-B547-77570290E8C2}.Release|Any CPU.ActiveCfg = Release|Any CPU
		{8B4355B9-9CE2-4DFC-B547-77570290E8C2}.Release|Any CPU.Build.0 = Release|Any CPU
		{0837CA5E-DAD0-4A7C-9A80-5A0ABA80C077}.Debug|Any CPU.ActiveCfg = Debug|Any CPU
		{0837CA5E-DAD0-4A7C-9A80-5A0ABA80C077}.Debug|Any CPU.Build.0 = Debug|Any CPU
		{0837CA5E-DAD0-4A7C-9A80-5A0ABA80C077}.Release|Any CPU.ActiveCfg = Release|Any CPU
		{0837CA5E-DAD0-4A7C-9A80-5A0ABA80C077}.Release|Any CPU.Build.0 = Release|Any CPU
		{E7F6A927-F17E-46F3-831C-03E8F0BC6E88}.Debug|Any CPU.ActiveCfg = Debug|Any CPU
		{E7F6A927-F17E-46F3-831C-03E8F0BC6E88}.Debug|Any CPU.Build.0 = Debug|Any CPU
		{E7F6A927-F17E-46F3-831C-03E8F0BC6E88}.Release|Any CPU.ActiveCfg = Release|Any CPU
		{E7F6A927-F17E-46F3-831C-03E8F0BC6E88}.Release|Any CPU.Build.0 = Release|Any CPU
		{C99429E3-48A3-4AB0-A28D-22782A066453}.Debug|Any CPU.ActiveCfg = Debug|Any CPU
		{C99429E3-48A3-4AB0-A28D-22782A066453}.Debug|Any CPU.Build.0 = Debug|Any CPU
		{C99429E3-48A3-4AB0-A28D-22782A066453}.Release|Any CPU.ActiveCfg = Release|Any CPU
		{C99429E3-48A3-4AB0-A28D-22782A066453}.Release|Any CPU.Build.0 = Release|Any CPU
		{A8B3B580-20C1-48B5-BDCC-884E3D59AC80}.Debug|Any CPU.ActiveCfg = Debug|Any CPU
		{A8B3B580-20C1-48B5-BDCC-884E3D59AC80}.Debug|Any CPU.Build.0 = Debug|Any CPU
		{A8B3B580-20C1-48B5-BDCC-884E3D59AC80}.Release|Any CPU.ActiveCfg = Release|Any CPU
		{A8B3B580-20C1-48B5-BDCC-884E3D59AC80}.Release|Any CPU.Build.0 = Release|Any CPU
	EndGlobalSection
	GlobalSection(SolutionProperties) = preSolution
		HideSolutionNode = FALSE
	EndGlobalSection
	GlobalSection(ExtensibilityGlobals) = postSolution
		SolutionGuid = {E91CCE03-F3C4-42F6-867D-EE30ED4891C3}
	EndGlobalSection
EndGlobal
