
Microsoft Visual Studio Solution File, Format Version 12.00
# Visual Studio Version 17
VisualStudioVersion = 17.11.35303.130
MinimumVisualStudioVersion = 10.0.40219.1
Project("{FAE04EC0-301F-11D3-BF4B-00C04F79EFBC}") = "L05Rekursion", "L05Rekursion\L05Rekursion.csproj", "{B74F0E2F-1475-4052-A486-460CDDDEF973}"
EndProject
Global
	GlobalSection(SolutionConfigurationPlatforms) = preSolution
		Debug|Any CPU = Debug|Any CPU
		Release|Any CPU = Release|Any CPU
	EndGlobalSection
	GlobalSection(ProjectConfigurationPlatforms) = postSolution
		{B74F0E2F-1475-4052-A486-460CDDDEF973}.Debug|Any CPU.ActiveCfg = Debug|Any CPU
		{B74F0E2F-1475-4052-A486-460CDDDEF973}.Debug|Any CPU.Build.0 = Debug|Any CPU
		{B74F0E2F-1475-4052-A486-460CDDDEF973}.Release|Any CPU.ActiveCfg = Release|Any CPU
		{B74F0E2F-1475-4052-A486-460CDDDEF973}.Release|Any CPU.Build.0 = Release|Any CPU
	EndGlobalSection
	GlobalSection(SolutionProperties) = preSolution
		HideSolutionNode = FALSE
	EndGlobalSection
	GlobalSection(ExtensibilityGlobals) = postSolution
		SolutionGuid = {2EBC19E6-ADBF-41E7-B3C9-F6B25C9BB823}
	EndGlobalSection
EndGlobal
