
Microsoft Visual Studio Solution File, Format Version 12.00
# Visual Studio Version 17
VisualStudioVersion = 17.11.35431.28
MinimumVisualStudioVersion = 10.0.40219.1
Project("{FAE04EC0-301F-11D3-BF4B-00C04F79EFBC}") = "temp", "temp\temp.csproj", "{FC33F8C9-273F-492B-9743-6DFD7AEC0BB0}"
EndProject
Global
	GlobalSection(SolutionConfigurationPlatforms) = preSolution
		Debug|Any CPU = Debug|Any CPU
		Release|Any CPU = Release|Any CPU
	EndGlobalSection
	GlobalSection(ProjectConfigurationPlatforms) = postSolution
		{FC33F8C9-273F-492B-9743-6DFD7AEC0BB0}.Debug|Any CPU.ActiveCfg = Debug|Any CPU
		{FC33F8C9-273F-492B-9743-6DFD7AEC0BB0}.Debug|Any CPU.Build.0 = Debug|Any CPU
		{FC33F8C9-273F-492B-9743-6DFD7AEC0BB0}.Release|Any CPU.ActiveCfg = Release|Any CPU
		{FC33F8C9-273F-492B-9743-6DFD7AEC0BB0}.Release|Any CPU.Build.0 = Release|Any CPU
	EndGlobalSection
	GlobalSection(SolutionProperties) = preSolution
		HideSolutionNode = FALSE
	EndGlobalSection
	GlobalSection(ExtensibilityGlobals) = postSolution
		SolutionGuid = {22FAF01C-3301-4DDA-A868-32B0C308BA8F}
	EndGlobalSection
EndGlobal
