
Microsoft Visual Studio Solution File, Format Version 12.00
# Visual Studio Version 17
VisualStudioVersion = 17.14.36310.24
MinimumVisualStudioVersion = 10.0.40219.1
Project("{FAE04EC0-301F-11D3-BF4B-00C04F79EFBC}") = "http-json", "http-json\http-json.csproj", "{EB721210-1D10-4E8C-AE73-4DF62951F3F2}"
EndProject
Project("{FAE04EC0-301F-11D3-BF4B-00C04F79EFBC}") = "http-idee-von-MVC", "http-idee-von-MVC\http-idee-von-MVC.csproj", "{AA988492-D10F-4265-9AB5-A723FB2A1675}"
EndProject
Project("{FAE04EC0-301F-11D3-BF4B-00C04F79EFBC}") = "MVC", "MVC\MVC.csproj", "{12F3002B-86C2-46C5-9CA8-AC97797607E6}"
EndProject
Project("{FAE04EC0-301F-11D3-BF4B-00C04F79EFBC}") = "MVC_async_und_keine_repositories", "MVC_async_und_keine_repositories\MVC_async_und_keine_repositories.csproj", "{AD2C2782-0F32-47A6-97B2-42D078D3323C}"
EndProject
Global
	GlobalSection(SolutionConfigurationPlatforms) = preSolution
		Debug|Any CPU = Debug|Any CPU
		Release|Any CPU = Release|Any CPU
	EndGlobalSection
	GlobalSection(ProjectConfigurationPlatforms) = postSolution
		{EB721210-1D10-4E8C-AE73-4DF62951F3F2}.Debug|Any CPU.ActiveCfg = Debug|Any CPU
		{EB721210-1D10-4E8C-AE73-4DF62951F3F2}.Debug|Any CPU.Build.0 = Debug|Any CPU
		{EB721210-1D10-4E8C-AE73-4DF62951F3F2}.Release|Any CPU.ActiveCfg = Release|Any CPU
		{EB721210-1D10-4E8C-AE73-4DF62951F3F2}.Release|Any CPU.Build.0 = Release|Any CPU
		{AA988492-D10F-4265-9AB5-A723FB2A1675}.Debug|Any CPU.ActiveCfg = Debug|Any CPU
		{AA988492-D10F-4265-9AB5-A723FB2A1675}.Debug|Any CPU.Build.0 = Debug|Any CPU
		{AA988492-D10F-4265-9AB5-A723FB2A1675}.Release|Any CPU.ActiveCfg = Release|Any CPU
		{AA988492-D10F-4265-9AB5-A723FB2A1675}.Release|Any CPU.Build.0 = Release|Any CPU
		{12F3002B-86C2-46C5-9CA8-AC97797607E6}.Debug|Any CPU.ActiveCfg = Debug|Any CPU
		{12F3002B-86C2-46C5-9CA8-AC97797607E6}.Debug|Any CPU.Build.0 = Debug|Any CPU
		{12F3002B-86C2-46C5-9CA8-AC97797607E6}.Release|Any CPU.ActiveCfg = Release|Any CPU
		{12F3002B-86C2-46C5-9CA8-AC97797607E6}.Release|Any CPU.Build.0 = Release|Any CPU
		{AD2C2782-0F32-47A6-97B2-42D078D3323C}.Debug|Any CPU.ActiveCfg = Debug|Any CPU
		{AD2C2782-0F32-47A6-97B2-42D078D3323C}.Debug|Any CPU.Build.0 = Debug|Any CPU
		{AD2C2782-0F32-47A6-97B2-42D078D3323C}.Release|Any CPU.ActiveCfg = Release|Any CPU
		{AD2C2782-0F32-47A6-97B2-42D078D3323C}.Release|Any CPU.Build.0 = Release|Any CPU
	EndGlobalSection
	GlobalSection(SolutionProperties) = preSolution
		HideSolutionNode = FALSE
	EndGlobalSection
	GlobalSection(ExtensibilityGlobals) = postSolution
		SolutionGuid = {BC38B9D7-1F48-43ED-BCE7-3181442601B7}
	EndGlobalSection
EndGlobal
