
Microsoft Visual Studio Solution File, Format Version 12.00
# Visual Studio Version 17
VisualStudioVersion = 17.12.35707.178 d17.12
MinimumVisualStudioVersion = 10.0.40219.1
Project("{FAE04EC0-301F-11D3-BF4B-00C04F79EFBC}") = "Skripten", "Skripten.csproj", "{F48504CA-9367-4420-A182-B4DFA249C3B0}"
EndProject
Project("{FAE04EC0-301F-11D3-BF4B-00C04F79EFBC}") = "exercise1-test", "..\exercise1-test\exercise1-test.csproj", "{AAE5230D-5463-45F0-9063-C332C1E221DC}"
EndProject
Global
	GlobalSection(SolutionConfigurationPlatforms) = preSolution
		Debug|Any CPU = Debug|Any CPU
		Release|Any CPU = Release|Any CPU
	EndGlobalSection
	GlobalSection(ProjectConfigurationPlatforms) = postSolution
		{F48504CA-9367-4420-A182-B4DFA249C3B0}.Debug|Any CPU.ActiveCfg = Debug|Any CPU
		{F48504CA-9367-4420-A182-B4DFA249C3B0}.Debug|Any CPU.Build.0 = Debug|Any CPU
		{F48504CA-9367-4420-A182-B4DFA249C3B0}.Release|Any CPU.ActiveCfg = Release|Any CPU
		{F48504CA-9367-4420-A182-B4DFA249C3B0}.Release|Any CPU.Build.0 = Release|Any CPU
		{AAE5230D-5463-45F0-9063-C332C1E221DC}.Debug|Any CPU.ActiveCfg = Debug|Any CPU
		{AAE5230D-5463-45F0-9063-C332C1E221DC}.Debug|Any CPU.Build.0 = Debug|Any CPU
		{AAE5230D-5463-45F0-9063-C332C1E221DC}.Release|Any CPU.ActiveCfg = Release|Any CPU
		{AAE5230D-5463-45F0-9063-C332C1E221DC}.Release|Any CPU.Build.0 = Release|Any CPU
	EndGlobalSection
	GlobalSection(SolutionProperties) = preSolution
		HideSolutionNode = FALSE
	EndGlobalSection
EndGlobal
