
Microsoft Visual Studio Solution File, Format Version 12.00
# Visual Studio Version 17
VisualStudioVersion = 17.11.35303.130
MinimumVisualStudioVersion = 10.0.40219.1
Project("{FAE04EC0-301F-11D3-BF4B-00C04F79EFBC}") = "L07DoubleDispatchVisitor", "L07DoubleDispatchVisitor\L07DoubleDispatchVisitor.csproj", "{E5BD50AE-95E0-4E35-A2A4-E200FD637221}"
EndProject
Global
	GlobalSection(SolutionConfigurationPlatforms) = preSolution
		Debug|Any CPU = Debug|Any CPU
		Release|Any CPU = Release|Any CPU
	EndGlobalSection
	GlobalSection(ProjectConfigurationPlatforms) = postSolution
		{E5BD50AE-95E0-4E35-A2A4-E200FD637221}.Debug|Any CPU.ActiveCfg = Debug|Any CPU
		{E5BD50AE-95E0-4E35-A2A4-E200FD637221}.Debug|Any CPU.Build.0 = Debug|Any CPU
		{E5BD50AE-95E0-4E35-A2A4-E200FD637221}.Release|Any CPU.ActiveCfg = Release|Any CPU
		{E5BD50AE-95E0-4E35-A2A4-E200FD637221}.Release|Any CPU.Build.0 = Release|Any CPU
	EndGlobalSection
	GlobalSection(SolutionProperties) = preSolution
		HideSolutionNode = FALSE
	EndGlobalSection
	GlobalSection(ExtensibilityGlobals) = postSolution
		SolutionGuid = {32CEBFA3-E0B4-484B-B78B-D33C839EE019}
	EndGlobalSection
EndGlobal
