
Microsoft Visual Studio Solution File, Format Version 12.00
# Visual Studio Version 17
VisualStudioVersion = 17.12.35707.178
MinimumVisualStudioVersion = 10.0.40219.1
Project("{FAE04EC0-301F-11D3-BF4B-00C04F79EFBC}") = "L01Bibliotheken", "L01Bibliotheken\L01Bibliotheken.csproj", "{CDCC891E-30A1-4B4B-9253-4FFC30EAC326}"
EndProject
Project("{FAE04EC0-301F-11D3-BF4B-00C04F79EFBC}") = "L01ProjektWasEinzuBindenIst", "L01ProjektWasEinzuBindenIst\L01ProjektWasEinzuBindenIst.csproj", "{AFC3957F-4312-4191-B920-942F857C3281}"
EndProject
Project("{FAE04EC0-301F-11D3-BF4B-00C04F79EFBC}") = "L01HamsterMitLogsInFile", "L01HamsterMitLogsInFile\L01HamsterMitLogsInFile.csproj", "{3362A3B1-44DC-4C36-BED3-338BAE784395}"
EndProject
Project("{FAE04EC0-301F-11D3-BF4B-00C04F79EFBC}") = "L02Serialisierung", "L02Serialisierung\L02Serialisierung.csproj", "{F3FAF83F-8BF8-4B38-A7D0-9158C089CC23}"
EndProject
Project("{FAE04EC0-301F-11D3-BF4B-00C04F79EFBC}") = "L03FuncAction", "L03FuncAction\L03FuncAction.csproj", "{F56BE0DC-ACF0-40E7-9B3E-AA688ABC0C92}"
EndProject
Project("{FAE04EC0-301F-11D3-BF4B-00C04F79EFBC}") = "L04LINQ", "L04LINQ\L04LINQ.csproj", "{12297A56-C7DA-4364-8D4B-81331DC71771}"
EndProject
Project("{FAE04EC0-301F-11D3-BF4B-00C04F79EFBC}") = "L05.2AwaitAsynch", "L05AwaitAsynch\L05.2AwaitAsynch.csproj", "{2EAFC33E-F9A8-4ACD-BAEC-3655A65DB92E}"
EndProject
Project("{FAE04EC0-301F-11D3-BF4B-00C04F79EFBC}") = "L05.1Synch", "Synch\L05.1Synch.csproj", "{5A2BC8AD-A329-4450-B3CA-4520DC844839}"
EndProject
Project("{FAE04EC0-301F-11D3-BF4B-00C04F79EFBC}") = "L05.3RepositoryPattern", "L05.3RepositoryPattern\L05.3RepositoryPattern.csproj", "{F7AAB1F4-7756-4152-8A10-81521F279CC6}"
EndProject
Global
	GlobalSection(SolutionConfigurationPlatforms) = preSolution
		Debug|Any CPU = Debug|Any CPU
		Release|Any CPU = Release|Any CPU
	EndGlobalSection
	GlobalSection(ProjectConfigurationPlatforms) = postSolution
		{CDCC891E-30A1-4B4B-9253-4FFC30EAC326}.Debug|Any CPU.ActiveCfg = Debug|Any CPU
		{CDCC891E-30A1-4B4B-9253-4FFC30EAC326}.Debug|Any CPU.Build.0 = Debug|Any CPU
		{CDCC891E-30A1-4B4B-9253-4FFC30EAC326}.Release|Any CPU.ActiveCfg = Release|Any CPU
		{CDCC891E-30A1-4B4B-9253-4FFC30EAC326}.Release|Any CPU.Build.0 = Release|Any CPU
		{AFC3957F-4312-4191-B920-942F857C3281}.Debug|Any CPU.ActiveCfg = Debug|Any CPU
		{AFC3957F-4312-4191-B920-942F857C3281}.Debug|Any CPU.Build.0 = Debug|Any CPU
		{AFC3957F-4312-4191-B920-942F857C3281}.Release|Any CPU.ActiveCfg = Release|Any CPU
		{AFC3957F-4312-4191-B920-942F857C3281}.Release|Any CPU.Build.0 = Release|Any CPU
		{3362A3B1-44DC-4C36-BED3-338BAE784395}.Debug|Any CPU.ActiveCfg = Debug|Any CPU
		{3362A3B1-44DC-4C36-BED3-338BAE784395}.Debug|Any CPU.Build.0 = Debug|Any CPU
		{3362A3B1-44DC-4C36-BED3-338BAE784395}.Release|Any CPU.ActiveCfg = Release|Any CPU
		{3362A3B1-44DC-4C36-BED3-338BAE784395}.Release|Any CPU.Build.0 = Release|Any CPU
		{F3FAF83F-8BF8-4B38-A7D0-9158C089CC23}.Debug|Any CPU.ActiveCfg = Debug|Any CPU
		{F3FAF83F-8BF8-4B38-A7D0-9158C089CC23}.Debug|Any CPU.Build.0 = Debug|Any CPU
		{F3FAF83F-8BF8-4B38-A7D0-9158C089CC23}.Release|Any CPU.ActiveCfg = Release|Any CPU
		{F3FAF83F-8BF8-4B38-A7D0-9158C089CC23}.Release|Any CPU.Build.0 = Release|Any CPU
		{F56BE0DC-ACF0-40E7-9B3E-AA688ABC0C92}.Debug|Any CPU.ActiveCfg = Debug|Any CPU
		{F56BE0DC-ACF0-40E7-9B3E-AA688ABC0C92}.Debug|Any CPU.Build.0 = Debug|Any CPU
		{F56BE0DC-ACF0-40E7-9B3E-AA688ABC0C92}.Release|Any CPU.ActiveCfg = Release|Any CPU
		{F56BE0DC-ACF0-40E7-9B3E-AA688ABC0C92}.Release|Any CPU.Build.0 = Release|Any CPU
		{12297A56-C7DA-4364-8D4B-81331DC71771}.Debug|Any CPU.ActiveCfg = Debug|Any CPU
		{12297A56-C7DA-4364-8D4B-81331DC71771}.Debug|Any CPU.Build.0 = Debug|Any CPU
		{12297A56-C7DA-4364-8D4B-81331DC71771}.Release|Any CPU.ActiveCfg = Release|Any CPU
		{12297A56-C7DA-4364-8D4B-81331DC71771}.Release|Any CPU.Build.0 = Release|Any CPU
		{2EAFC33E-F9A8-4ACD-BAEC-3655A65DB92E}.Debug|Any CPU.ActiveCfg = Debug|Any CPU
		{2EAFC33E-F9A8-4ACD-BAEC-3655A65DB92E}.Debug|Any CPU.Build.0 = Debug|Any CPU
		{2EAFC33E-F9A8-4ACD-BAEC-3655A65DB92E}.Release|Any CPU.ActiveCfg = Release|Any CPU
		{2EAFC33E-F9A8-4ACD-BAEC-3655A65DB92E}.Release|Any CPU.Build.0 = Release|Any CPU
		{5A2BC8AD-A329-4450-B3CA-4520DC844839}.Debug|Any CPU.ActiveCfg = Debug|Any CPU
		{5A2BC8AD-A329-4450-B3CA-4520DC844839}.Debug|Any CPU.Build.0 = Debug|Any CPU
		{5A2BC8AD-A329-4450-B3CA-4520DC844839}.Release|Any CPU.ActiveCfg = Release|Any CPU
		{5A2BC8AD-A329-4450-B3CA-4520DC844839}.Release|Any CPU.Build.0 = Release|Any CPU
		{F7AAB1F4-7756-4152-8A10-81521F279CC6}.Debug|Any CPU.ActiveCfg = Debug|Any CPU
		{F7AAB1F4-7756-4152-8A10-81521F279CC6}.Debug|Any CPU.Build.0 = Debug|Any CPU
		{F7AAB1F4-7756-4152-8A10-81521F279CC6}.Release|Any CPU.ActiveCfg = Release|Any CPU
		{F7AAB1F4-7756-4152-8A10-81521F279CC6}.Release|Any CPU.Build.0 = Release|Any CPU
	EndGlobalSection
	GlobalSection(SolutionProperties) = preSolution
		HideSolutionNode = FALSE
	EndGlobalSection
EndGlobal
