
Microsoft Visual Studio Solution File, Format Version 12.00
# Visual Studio Version 17
VisualStudioVersion = 17.12.35707.178 d17.12
MinimumVisualStudioVersion = 10.0.40219.1
Project("{FAE04EC0-301F-11D3-BF4B-00C04F79EFBC}") = "L01TopLevelStatementsUndGlobalUsings", "L01TopLevelStatementsUndGlobalUsings.csproj", "{5B22065A-12B6-46B3-8B57-F2221E396ED8}"
EndProject
Project("{FAE04EC0-301F-11D3-BF4B-00C04F79EFBC}") = "L01Bibliotheken", "L01Bibliotheken\L01Bibliotheken.csproj", "{CDCC891E-30A1-4B4B-9253-4FFC30EAC326}"
EndProject
Project("{FAE04EC0-301F-11D3-BF4B-00C04F79EFBC}") = "L01ProjektWasEinzuBindenIst", "L01ProjektWasEinzuBindenIst\L01ProjektWasEinzuBindenIst.csproj", "{AFC3957F-4312-4191-B920-942F857C3281}"
EndProject
Project("{FAE04EC0-301F-11D3-BF4B-00C04F79EFBC}") = "L01HamsterMitLogsInFile", "L01HamsterMitLogsInFile\L01HamsterMitLogsInFile.csproj", "{3362A3B1-44DC-4C36-BED3-338BAE784395}"
EndProject
Project("{FAE04EC0-301F-11D3-BF4B-00C04F79EFBC}") = "L02Serialisierung", "L02Serialisierung\L02Serialisierung.csproj", "{F3FAF83F-8BF8-4B38-A7D0-9158C089CC23}"
EndProject
Global
	GlobalSection(SolutionConfigurationPlatforms) = preSolution
		Debug|Any CPU = Debug|Any CPU
		Release|Any CPU = Release|Any CPU
	EndGlobalSection
	GlobalSection(ProjectConfigurationPlatforms) = postSolution
		{5B22065A-12B6-46B3-8B57-F2221E396ED8}.Debug|Any CPU.ActiveCfg = Debug|Any CPU
		{5B22065A-12B6-46B3-8B57-F2221E396ED8}.Debug|Any CPU.Build.0 = Debug|Any CPU
		{5B22065A-12B6-46B3-8B57-F2221E396ED8}.Release|Any CPU.ActiveCfg = Release|Any CPU
		{5B22065A-12B6-46B3-8B57-F2221E396ED8}.Release|Any CPU.Build.0 = Release|Any CPU
		{CDCC891E-30A1-4B4B-9253-4FFC30EAC326}.Debug|Any CPU.ActiveCfg = Debug|Any CPU
		{CDCC891E-30A1-4B4B-9253-4FFC30EAC326}.Debug|Any CPU.Build.0 = Debug|Any CPU
		{CDCC891E-30A1-4B4B-9253-4FFC30EAC326}.Release|Any CPU.ActiveCfg = Release|Any CPU
		{CDCC891E-30A1-4B4B-9253-4FFC30EAC326}.Release|Any CPU.Build.0 = Release|Any CPU
		{AFC3957F-4312-4191-B920-942F857C3281}.Debug|Any CPU.ActiveCfg = Debug|Any CPU
		{AFC3957F-4312-4191-B920-942F857C3281}.Debug|Any CPU.Build.0 = Debug|Any CPU
		{AFC3957F-4312-4191-B920-942F857C3281}.Release|Any CPU.ActiveCfg = Release|Any CPU
		{AFC3957F-4312-4191-B920-942F857C3281}.Release|Any CPU.Build.0 = Release|Any CPU
		{3362A3B1-44DC-4C36-BED3-338BAE784395}.Debug|Any CPU.ActiveCfg = Debug|Any CPU
		{3362A3B1-44DC-4C36-BED3-338BAE784395}.Debug|Any CPU.Build.0 = Debug|Any CPU
		{3362A3B1-44DC-4C36-BED3-338BAE784395}.Release|Any CPU.ActiveCfg = Release|Any CPU
		{3362A3B1-44DC-4C36-BED3-338BAE784395}.Release|Any CPU.Build.0 = Release|Any CPU
		{F3FAF83F-8BF8-4B38-A7D0-9158C089CC23}.Debug|Any CPU.ActiveCfg = Debug|Any CPU
		{F3FAF83F-8BF8-4B38-A7D0-9158C089CC23}.Debug|Any CPU.Build.0 = Debug|Any CPU
		{F3FAF83F-8BF8-4B38-A7D0-9158C089CC23}.Release|Any CPU.ActiveCfg = Release|Any CPU
		{F3FAF83F-8BF8-4B38-A7D0-9158C089CC23}.Release|Any CPU.Build.0 = Release|Any CPU
	EndGlobalSection
	GlobalSection(SolutionProperties) = preSolution
		HideSolutionNode = FALSE
	EndGlobalSection
EndGlobal
